// !$*UTF8*$!
{
	archiveVersion = 1;
	classes = {
	};
	objectVersion = 56;
	objects = {

/* Begin PBXBuildFile section */
		A5000008111111110000002 /* GeoValidationTests.swift in Sources */ = {isa = PBXBuildFile; fileRef = A5000008111111110000001 /* GeoValidationTests.swift */; };
		A5000008111111110000004 /* AirspaceAnalyzerTests.swift in Sources */ = {isa = PBXBuildFile; fileRef = A5000008111111110000003 /* AirspaceAnalyzerTests.swift */; };
		A5000008111111110000006 /* WindDataServiceTests.swift in Sources */ = {isa = PBXBuildFile; fileRef = A5000008111111110000005 /* WindDataServiceTests.swift */; };
		A5000008111111110000008 /* FlightEventDetectorTests.swift in Sources */ = {isa = PBXBuildFile; fileRef = A5000008111111110000007 /* FlightEventDetectorTests.swift */; };
		A5000009111111110000002 /* AppStateFlightStartTests.swift in Sources */ = {isa = PBXBuildFile; fileRef = A5000009111111110000001 /* AppStateFlightStartTests.swift */; };
		A500000A111111110000002 /* AppStateSelectAircraftTests.swift in Sources */ = {isa = PBXBuildFile; fileRef = A500000A111111110000001 /* AppStateSelectAircraftTests.swift */; };
		A500000B111111110000002 /* FlightLauncherTests.swift in Sources */ = {isa = PBXBuildFile; fileRef = A500000B111111110000001 /* FlightLauncherTests.swift */; };
		A500000C111111110000002 /* ActiveChecklistTests.swift in Sources */ = {isa = PBXBuildFile; fileRef = A500000C111111110000001 /* ActiveChecklistTests.swift */; };
		A500000D111111110000002 /* ActiveFlightStatePersistenceTests.swift in Sources */ = {isa = PBXBuildFile; fileRef = A500000D111111110000001 /* ActiveFlightStatePersistenceTests.swift */; };
		A500000E111111110000002 /* AirportCSVParseTests.swift in Sources */ = {isa = PBXBuildFile; fileRef = A500000E111111110000001 /* AirportCSVParseTests.swift */; };
		A500000F111111110000002 /* ExternalRequestTests.swift in Sources */ = {isa = PBXBuildFile; fileRef = A500000F111111110000001 /* ExternalRequestTests.swift */; };
		A5000010111111110000002 /* DatastoreMigrationTests.swift in Sources */ = {isa = PBXBuildFile; fileRef = A5000010111111110000001 /* DatastoreMigrationTests.swift */; };
		A5000011111111110000002 /* FlightMergeValidationTests.swift in Sources */ = {isa = PBXBuildFile; fileRef = A5000011111111110000001 /* FlightMergeValidationTests.swift */; };
		A5000012111111110000002 /* AircraftDataServiceSeamTests.swift in Sources */ = {isa = PBXBuildFile; fileRef = A5000012111111110000001 /* AircraftDataServiceSeamTests.swift */; };
		A5000013111111110000002 /* ElevationParseTests.swift in Sources */ = {isa = PBXBuildFile; fileRef = A5000013111111110000001 /* ElevationParseTests.swift */; };
		A5000014111111110000002 /* SubscriptionReconcileTests.swift in Sources */ = {isa = PBXBuildFile; fileRef = A5000014111111110000001 /* SubscriptionReconcileTests.swift */; };
		A5000015111111110000002 /* FlightSummaryStatsTests.swift in Sources */ = {isa = PBXBuildFile; fileRef = A5000015111111110000001 /* FlightSummaryStatsTests.swift */; };
		047B5F7D2EF492D5009F1317 /* MarketingLocationProvider.swift in Sources */ = {isa = PBXBuildFile; fileRef = 047B5F7C2EF492D5009F1317 /* MarketingLocationProvider.swift */; };
		04A712992F1A39B000E24712 /* StoreKit.framework in Frameworks */ = {isa = PBXBuildFile; fileRef = 04A712982F1A39B000E24712 /* StoreKit.framework */; };
		04F1C6F12EF9CD5100192A14 /* FlightPlan.swift in Sources */ = {isa = PBXBuildFile; fileRef = 04F1C6F02EF9CD5100192A14 /* FlightPlan.swift */; };
		04F1C6F32EF9CD5A00192A14 /* FlightPlanManager.swift in Sources */ = {isa = PBXBuildFile; fileRef = 04F1C6F22EF9CD5A00192A14 /* FlightPlanManager.swift */; };
		04F1C6F52EF9CD6F00192A14 /* ElevationService.swift in Sources */ = {isa = PBXBuildFile; fileRef = 04F1C6F42EF9CD6F00192A14 /* ElevationService.swift */; };
		04F1C6FB2EF9CD9D00192A14 /* FlightPlanningView.swift in Sources */ = {isa = PBXBuildFile; fileRef = 04F1C6F72EF9CD9D00192A14 /* FlightPlanningView.swift */; };
		04F1C6FC2EF9CD9D00192A14 /* TerrainProfileView.swift in Sources */ = {isa = PBXBuildFile; fileRef = 04F1C6F92EF9CD9D00192A14 /* TerrainProfileView.swift */; };
		04F1C6FD2EF9CD9D00192A14 /* WaypointEditorSheet.swift in Sources */ = {isa = PBXBuildFile; fileRef = 04F1C6FA2EF9CD9D00192A14 /* WaypointEditorSheet.swift */; };
		04F1C6FE2EF9CD9D00192A14 /* FlightPlanEditorView.swift in Sources */ = {isa = PBXBuildFile; fileRef = 04F1C6F62EF9CD9D00192A14 /* FlightPlanEditorView.swift */; };
		04F1C6FF2EF9CD9D00192A14 /* FlightPlanOverlayView.swift in Sources */ = {isa = PBXBuildFile; fileRef = 04F1C6F82EF9CD9D00192A14 /* FlightPlanOverlayView.swift */; };
		04F1C7002EFACEEE00192A14 /* FlightPlanExportService.swift in Sources */ = {isa = PBXBuildFile; fileRef = 04F1C7012EFACEEE00192A14 /* FlightPlanExportService.swift */; };
		04F1C7022F0A111100192A14 /* DataPersistenceManager.swift in Sources */ = {isa = PBXBuildFile; fileRef = 04F1C7032F0A111100192A14 /* DataPersistenceManager.swift */; };
		04F1C7042F0A111100192A14 /* SyncManager.swift in Sources */ = {isa = PBXBuildFile; fileRef = 04F1C7052F0A111100192A14 /* SyncManager.swift */; };
		A1000001211111110000001 /* AeroCheckApp.swift in Sources */ = {isa = PBXBuildFile; fileRef = A1000001111111110000001 /* AeroCheckApp.swift */; };
		A1000001211111110000002 /* ContentView.swift in Sources */ = {isa = PBXBuildFile; fileRef = A1000001111111110000002 /* ContentView.swift */; };
		A1000001211111110000003 /* HomeView.swift in Sources */ = {isa = PBXBuildFile; fileRef = A1000001111111110000003 /* HomeView.swift */; };
		A1000001211111110000004 /* FlightView.swift in Sources */ = {isa = PBXBuildFile; fileRef = A1000001111111110000004 /* FlightView.swift */; };
		A1000001211111110000005 /* FlightLogView.swift in Sources */ = {isa = PBXBuildFile; fileRef = A1000001111111110000005 /* FlightLogView.swift */; };
		A1000001211111110000006 /* SettingsView.swift in Sources */ = {isa = PBXBuildFile; fileRef = A1000001111111110000006 /* SettingsView.swift */; };
		A1000001211111110000007 /* Flight.swift in Sources */ = {isa = PBXBuildFile; fileRef = A1000001111111110000007 /* Flight.swift */; };
		A1000001211111110000008 /* Checklist.swift in Sources */ = {isa = PBXBuildFile; fileRef = A1000001111111110000008 /* Checklist.swift */; };
		A1000001211111110000097 /* ActiveChecklist.swift in Sources */ = {isa = PBXBuildFile; fileRef = A1000001111111110000097 /* ActiveChecklist.swift */; };
		A1000001211111110000009 /* AppState.swift in Sources */ = {isa = PBXBuildFile; fileRef = A1000001111111110000009 /* AppState.swift */; };
		A1000001211111110000010 /* LocationManager.swift in Sources */ = {isa = PBXBuildFile; fileRef = A1000001111111110000010 /* LocationManager.swift */; };
		A1000001211111110000099 /* FlightLauncher.swift in Sources */ = {isa = PBXBuildFile; fileRef = A1000001111111110000099 /* FlightLauncher.swift */; };
		A1000001211111110000050 /* ExternalRequest.swift in Sources */ = {isa = PBXBuildFile; fileRef = A1000001111111110000050 /* ExternalRequest.swift */; };
		A1000001211111110000098 /* WidgetBridge.swift in Sources */ = {isa = PBXBuildFile; fileRef = A1000001111111110000098 /* WidgetBridge.swift */; };
		A1000001211111110000011 /* DesignSystem.swift in Sources */ = {isa = PBXBuildFile; fileRef = A1000001111111110000011 /* DesignSystem.swift */; };
		A1000001211111110000012 /* ChecklistView.swift in Sources */ = {isa = PBXBuildFile; fileRef = A1000001111111110000012 /* ChecklistView.swift */; };
		A1000001211111110000013 /* Assets.xcassets in Resources */ = {isa = PBXBuildFile; fileRef = A1000001111111110000013 /* Assets.xcassets */; };
		A1000001211111110000015 /* Aircraft.swift in Sources */ = {isa = PBXBuildFile; fileRef = A1000001111111110000015 /* Aircraft.swift */; };
		A1000001211111110000016 /* WT9ChecklistData.swift in Sources */ = {isa = PBXBuildFile; fileRef = A1000001111111110000016 /* WT9ChecklistData.swift */; };
		A1000001211111110000018 /* NavigationView.swift in Sources */ = {isa = PBXBuildFile; fileRef = A1000001111111110000018 /* NavigationView.swift */; };
		A1000001211111110000019 /* OfflineMapManager.swift in Sources */ = {isa = PBXBuildFile; fileRef = A1000001111111110000019 /* OfflineMapManager.swift */; };
		A1000001211111110000020 /* WindDataService.swift in Sources */ = {isa = PBXBuildFile; fileRef = A1000001111111110000020 /* WindDataService.swift */; };
		A2000001211111110000001 /* WidgetKit.framework in Frameworks */ = {isa = PBXBuildFile; fileRef = A2000001111111110000001 /* WidgetKit.framework */; };
		A2000001211111110000002 /* SwiftUI.framework in Frameworks */ = {isa = PBXBuildFile; fileRef = A2000001111111110000002 /* SwiftUI.framework */; };
		A2000001211111110000003 /* AeroCheckWidget.swift in Sources */ = {isa = PBXBuildFile; fileRef = A2000001111111110000003 /* AeroCheckWidget.swift */; };
		A2000001211111110000004 /* Assets.xcassets in Resources */ = {isa = PBXBuildFile; fileRef = A1000001111111110000013 /* Assets.xcassets */; };
		A2000001211111110000005 /* AeroCheckWidgetExtension.appex in Embed Foundation Extensions */ = {isa = PBXBuildFile; fileRef = A2000001111111110000000 /* AeroCheckWidgetExtension.appex */; settings = {ATTRIBUTES = (RemoveHeadersOnCopy, ); }; };
		A3000001211111110000001 /* WatchConnectivityManager.swift in Sources */ = {isa = PBXBuildFile; fileRef = A3000001111111110000001 /* WatchConnectivityManager.swift */; };
		A3000001211111110000002 /* WatchConnectivityData.swift in Sources */ = {isa = PBXBuildFile; fileRef = A3000001111111110000002 /* WatchConnectivityData.swift */; };
		A4000001211111110000001 /* AeroCheckWatchApp.swift in Sources */ = {isa = PBXBuildFile; fileRef = A4000001111111110000001 /* AeroCheckWatchApp.swift */; };
		A4000001211111110000002 /* WatchContentView.swift in Sources */ = {isa = PBXBuildFile; fileRef = A4000001111111110000002 /* WatchContentView.swift */; };
		A4000001211111110000003 /* WatchConnectivityManager.swift in Sources */ = {isa = PBXBuildFile; fileRef = A4000001111111110000003 /* WatchConnectivityManager.swift */; };
		A4000001211111110000004 /* WatchConnectivityData.swift in Sources */ = {isa = PBXBuildFile; fileRef = A3000001111111110000002 /* WatchConnectivityData.swift */; };
		A4000001211111110000005 /* Assets.xcassets in Resources */ = {isa = PBXBuildFile; fileRef = A4000001111111110000005 /* Assets.xcassets */; };
		A4000001211111110000006 /* AeroCheckWatch.app in Embed Watch Content */ = {isa = PBXBuildFile; fileRef = A4000001111111110000000 /* AeroCheckWatch.app */; settings = {ATTRIBUTES = (RemoveHeadersOnCopy, ); }; };
		B3000001211111110000001 /* SubscriptionManager.swift in Sources */ = {isa = PBXBuildFile; fileRef = B3000001111111110000001 /* SubscriptionManager.swift */; };
		B3000001211111110000002 /* AircraftDataService.swift in Sources */ = {isa = PBXBuildFile; fileRef = B3000001111111110000002 /* AircraftDataService.swift */; };
		B3000001211111110000003 /* RemoteAircraft.swift in Sources */ = {isa = PBXBuildFile; fileRef = B3000001111111110000003 /* RemoteAircraft.swift */; };
		B3000001211111110000004 /* SubscriptionView.swift in Sources */ = {isa = PBXBuildFile; fileRef = B3000001111111110000004 /* SubscriptionView.swift */; };
		B3000001211111110000005 /* Configuration.storekit in Resources */ = {isa = PBXBuildFile; fileRef = B3000001111111110000005 /* Configuration.storekit */; };
		C1000001211111110000001 /* Localization.swift in Sources */ = {isa = PBXBuildFile; fileRef = C1000001111111110000001 /* Localization.swift */; };
		C1000001211111110000002 /* Localizable.xcstrings in Resources */ = {isa = PBXBuildFile; fileRef = C1000001111111110000002 /* Localizable.xcstrings */; };
		D1000001211111110000001 /* BundledChecklistService.swift in Sources */ = {isa = PBXBuildFile; fileRef = D1000001111111110000001 /* BundledChecklistService.swift */; };
		D1000001211111110000002 /* wt9-dynamic-bundled.json in Resources */ = {isa = PBXBuildFile; fileRef = D1000001111111110000002 /* wt9-dynamic-bundled.json */; };
		D1000001211111110000003 /* wt9-dynamic-bundled-fr.json in Resources */ = {isa = PBXBuildFile; fileRef = D1000001111111110000003 /* wt9-dynamic-bundled-fr.json */; };
		E1000001211111110000001 /* Airport.swift in Sources */ = {isa = PBXBuildFile; fileRef = E1000001111111110000001 /* Airport.swift */; };
		E1000001211111110000002 /* AirportDataService.swift in Sources */ = {isa = PBXBuildFile; fileRef = E1000001111111110000002 /* AirportDataService.swift */; };
		F1000001211111110000001 /* FlightEventDetector.swift in Sources */ = {isa = PBXBuildFile; fileRef = F1000001111111110000001 /* FlightEventDetector.swift */; };
		F1000001211111110000002 /* EventConfirmationView.swift in Sources */ = {isa = PBXBuildFile; fileRef = F1000001111111110000002 /* EventConfirmationView.swift */; };
		G1000001211111110000001 /* HourMeterInputView.swift in Sources */ = {isa = PBXBuildFile; fileRef = G1000001111111110000001 /* HourMeterInputView.swift */; };

		H1000001211111110000001 /* BriefingData.swift in Sources */ = {isa = PBXBuildFile; fileRef = H1000001111111110000001 /* BriefingData.swift */; };
		I1000001211111110000001 /* AircraftSettingsView.swift in Sources */ = {isa = PBXBuildFile; fileRef = I1000001111111110000001 /* AircraftSettingsView.swift */; };
		I1000001211111110000002 /* ChecklistFlightSettingsView.swift in Sources */ = {isa = PBXBuildFile; fileRef = I1000001111111110000002 /* ChecklistFlightSettingsView.swift */; };
		I1000001211111110000003 /* NavigationMapsSettingsView.swift in Sources */ = {isa = PBXBuildFile; fileRef = I1000001111111110000003 /* NavigationMapsSettingsView.swift */; };
		I1000001211111110000004 /* FlightPlanningSettingsView.swift in Sources */ = {isa = PBXBuildFile; fileRef = I1000001111111110000004 /* FlightPlanningSettingsView.swift */; };
		I1000001211111110000005 /* SyncDataSettingsView.swift in Sources */ = {isa = PBXBuildFile; fileRef = I1000001111111110000005 /* SyncDataSettingsView.swift */; };
		I1000001211111110000006 /* AboutSettingsView.swift in Sources */ = {isa = PBXBuildFile; fileRef = I1000001111111110000006 /* AboutSettingsView.swift */; };
		I1000001211111110000007 /* OnboardingView.swift in Sources */ = {isa = PBXBuildFile; fileRef = I1000001111111110000007 /* OnboardingView.swift */; };
		AA000001211111110000001 /* OpenAIPConfig.swift in Sources */ = {isa = PBXBuildFile; fileRef = AA000001111111110000001 /* OpenAIPConfig.swift */; };
		AA000001211111110000002 /* OpenAIPTileOverlay.swift in Sources */ = {isa = PBXBuildFile; fileRef = AA000001111111110000002 /* OpenAIPTileOverlay.swift */; };
		AA000001211111110000003 /* OpenAIPCacheManager.swift in Sources */ = {isa = PBXBuildFile; fileRef = AA000001111111110000003 /* OpenAIPCacheManager.swift */; };
		AA000001211111110000004 /* OpenAIPDataService.swift in Sources */ = {isa = PBXBuildFile; fileRef = AA000001111111110000004 /* OpenAIPDataService.swift */; };
		AA000001211111110000005 /* AirspaceAnalyzer.swift in Sources */ = {isa = PBXBuildFile; fileRef = AA000001111111110000005 /* AirspaceAnalyzer.swift */; };
		AA000001211111110000006 /* Airspace.swift in Sources */ = {isa = PBXBuildFile; fileRef = AA000001111111110000006 /* Airspace.swift */; };
		EC22E3A0DBAD43EA911E2321 /* CompanionConnectivityManager.swift in Sources */ = {isa = PBXBuildFile; fileRef = 92A08F72FE734613BD614D58 /* CompanionConnectivityManager.swift */; };
		62889D5E704D465089384ECD /* CompanionConnectivityData.swift in Sources */ = {isa = PBXBuildFile; fileRef = 58FBA25D932544A8A504A2CD /* CompanionConnectivityData.swift */; };
		0F1AFE06661D409A94896CE5 /* CompanionConnectivityData.swift in Sources */ = {isa = PBXBuildFile; fileRef = 58FBA25D932544A8A504A2CD /* CompanionConnectivityData.swift */; };
		3C226443148C497A84702219 /* CompanionFlightView.swift in Sources */ = {isa = PBXBuildFile; fileRef = D3A1E39F906E4080982C26BB /* CompanionFlightView.swift */; };
		8E583809D3E14BD5A518010F /* CompanionPairingView.swift in Sources */ = {isa = PBXBuildFile; fileRef = E4FA2F1A98E04367ABB300EF /* CompanionPairingView.swift */; };
		E47A0B7E1F564DBD8E48AF14 /* CompanionSettingsView.swift in Sources */ = {isa = PBXBuildFile; fileRef = 2E25D9E77A5545DFBFE6D89D /* CompanionSettingsView.swift */; };
/* End PBXBuildFile section */

/* Begin PBXContainerItemProxy section */
		A5000007111111110000001 /* PBXContainerItemProxy */ = {
			isa = PBXContainerItemProxy;
			containerPortal = A1000006111111110000001 /* Project object */;
			proxyType = 1;
			remoteGlobalIDString = A1000004111111110000001;
			remoteInfo = "AéroCheck";
		};
		A2000002111111110000001 /* PBXContainerItemProxy */ = {
			isa = PBXContainerItemProxy;
			containerPortal = A1000006111111110000001 /* Project object */;
			proxyType = 1;
			remoteGlobalIDString = A2000004111111110000001;
			remoteInfo = AeroCheckWidgetExtension;
		};
		A4000002111111110000001 /* PBXContainerItemProxy */ = {
			isa = PBXContainerItemProxy;
			containerPortal = A1000006111111110000001 /* Project object */;
			proxyType = 1;
			remoteGlobalIDString = A4000004111111110000001;
			remoteInfo = AeroCheckWatch;
		};
/* End PBXContainerItemProxy section */

/* Begin PBXCopyFilesBuildPhase section */
		A2000003111111110000001 /* Embed Foundation Extensions */ = {
			isa = PBXCopyFilesBuildPhase;
			buildActionMask = 2147483647;
			dstPath = "";
			dstSubfolderSpec = 13;
			files = (
				A2000001211111110000005 /* AeroCheckWidgetExtension.appex in Embed Foundation Extensions */,
			);
			name = "Embed Foundation Extensions";
			runOnlyForDeploymentPostprocessing = 0;
		};
		A4000003111111110000001 /* Embed Watch Content */ = {
			isa = PBXCopyFilesBuildPhase;
			buildActionMask = 2147483647;
			dstPath = "$(CONTENTS_FOLDER_PATH)/Watch";
			dstSubfolderSpec = 16;
			files = (
				A4000001211111110000006 /* AeroCheckWatch.app in Embed Watch Content */,
			);
			name = "Embed Watch Content";
			runOnlyForDeploymentPostprocessing = 0;
		};
/* End PBXCopyFilesBuildPhase section */

/* Begin PBXFileReference section */
		A5000001111111110000000 /* AeroCheckTests.xctest */ = {isa = PBXFileReference; explicitFileType = "wrapper.cfbundle"; includeInIndex = 0; path = AeroCheckTests.xctest; sourceTree = BUILT_PRODUCTS_DIR; };
		A5000008111111110000001 /* GeoValidationTests.swift */ = {isa = PBXFileReference; lastKnownFileType = sourcecode.swift; path = GeoValidationTests.swift; sourceTree = "<group>"; };
		A5000008111111110000003 /* AirspaceAnalyzerTests.swift */ = {isa = PBXFileReference; lastKnownFileType = sourcecode.swift; path = AirspaceAnalyzerTests.swift; sourceTree = "<group>"; };
		A5000008111111110000005 /* WindDataServiceTests.swift */ = {isa = PBXFileReference; lastKnownFileType = sourcecode.swift; path = WindDataServiceTests.swift; sourceTree = "<group>"; };
		A5000008111111110000007 /* FlightEventDetectorTests.swift */ = {isa = PBXFileReference; lastKnownFileType = sourcecode.swift; path = FlightEventDetectorTests.swift; sourceTree = "<group>"; };
		A5000009111111110000001 /* AppStateFlightStartTests.swift */ = {isa = PBXFileReference; lastKnownFileType = sourcecode.swift; path = AppStateFlightStartTests.swift; sourceTree = "<group>"; };
		A500000A111111110000001 /* AppStateSelectAircraftTests.swift */ = {isa = PBXFileReference; lastKnownFileType = sourcecode.swift; path = AppStateSelectAircraftTests.swift; sourceTree = "<group>"; };
		A500000B111111110000001 /* FlightLauncherTests.swift */ = {isa = PBXFileReference; lastKnownFileType = sourcecode.swift; path = FlightLauncherTests.swift; sourceTree = "<group>"; };
		A500000C111111110000001 /* ActiveChecklistTests.swift */ = {isa = PBXFileReference; lastKnownFileType = sourcecode.swift; path = ActiveChecklistTests.swift; sourceTree = "<group>"; };
		A500000D111111110000001 /* ActiveFlightStatePersistenceTests.swift */ = {isa = PBXFileReference; lastKnownFileType = sourcecode.swift; path = ActiveFlightStatePersistenceTests.swift; sourceTree = "<group>"; };
		A500000E111111110000001 /* AirportCSVParseTests.swift */ = {isa = PBXFileReference; lastKnownFileType = sourcecode.swift; path = AirportCSVParseTests.swift; sourceTree = "<group>"; };
		A500000F111111110000001 /* ExternalRequestTests.swift */ = {isa = PBXFileReference; lastKnownFileType = sourcecode.swift; path = ExternalRequestTests.swift; sourceTree = "<group>"; };
		A5000010111111110000001 /* DatastoreMigrationTests.swift */ = {isa = PBXFileReference; lastKnownFileType = sourcecode.swift; path = DatastoreMigrationTests.swift; sourceTree = "<group>"; };
		A5000011111111110000001 /* FlightMergeValidationTests.swift */ = {isa = PBXFileReference; lastKnownFileType = sourcecode.swift; path = FlightMergeValidationTests.swift; sourceTree = "<group>"; };
		A5000012111111110000001 /* AircraftDataServiceSeamTests.swift */ = {isa = PBXFileReference; lastKnownFileType = sourcecode.swift; path = AircraftDataServiceSeamTests.swift; sourceTree = "<group>"; };
		A5000013111111110000001 /* ElevationParseTests.swift */ = {isa = PBXFileReference; lastKnownFileType = sourcecode.swift; path = ElevationParseTests.swift; sourceTree = "<group>"; };
		A5000014111111110000001 /* SubscriptionReconcileTests.swift */ = {isa = PBXFileReference; lastKnownFileType = sourcecode.swift; path = SubscriptionReconcileTests.swift; sourceTree = "<group>"; };
		A5000015111111110000001 /* FlightSummaryStatsTests.swift */ = {isa = PBXFileReference; lastKnownFileType = sourcecode.swift; path = FlightSummaryStatsTests.swift; sourceTree = "<group>"; };
		047B5F7C2EF492D5009F1317 /* MarketingLocationProvider.swift */ = {isa = PBXFileReference; lastKnownFileType = sourcecode.swift; path = MarketingLocationProvider.swift; sourceTree = "<group>"; };
		04A712982F1A39B000E24712 /* StoreKit.framework */ = {isa = PBXFileReference; lastKnownFileType = wrapper.framework; name = StoreKit.framework; path = System/Library/Frameworks/StoreKit.framework; sourceTree = SDKROOT; };
		04C457262F1337A20083040B /* AéroCheck.entitlements */ = {isa = PBXFileReference; lastKnownFileType = text.plist.entitlements; path = "AéroCheck.entitlements"; sourceTree = "<group>"; };
		04F1C6F02EF9CD5100192A14 /* FlightPlan.swift */ = {isa = PBXFileReference; lastKnownFileType = sourcecode.swift; path = FlightPlan.swift; sourceTree = "<group>"; };
		04F1C6F22EF9CD5A00192A14 /* FlightPlanManager.swift */ = {isa = PBXFileReference; lastKnownFileType = sourcecode.swift; path = FlightPlanManager.swift; sourceTree = "<group>"; };
		04F1C6F42EF9CD6F00192A14 /* ElevationService.swift */ = {isa = PBXFileReference; lastKnownFileType = sourcecode.swift; path = ElevationService.swift; sourceTree = "<group>"; };
		04F1C6F62EF9CD9D00192A14 /* FlightPlanEditorView.swift */ = {isa = PBXFileReference; lastKnownFileType = sourcecode.swift; path = FlightPlanEditorView.swift; sourceTree = "<group>"; };
		04F1C6F72EF9CD9D00192A14 /* FlightPlanningView.swift */ = {isa = PBXFileReference; lastKnownFileType = sourcecode.swift; path = FlightPlanningView.swift; sourceTree = "<group>"; };
		04F1C6F82EF9CD9D00192A14 /* FlightPlanOverlayView.swift */ = {isa = PBXFileReference; lastKnownFileType = sourcecode.swift; path = FlightPlanOverlayView.swift; sourceTree = "<group>"; };
		04F1C6F92EF9CD9D00192A14 /* TerrainProfileView.swift */ = {isa = PBXFileReference; lastKnownFileType = sourcecode.swift; path = TerrainProfileView.swift; sourceTree = "<group>"; };
		04F1C6FA2EF9CD9D00192A14 /* WaypointEditorSheet.swift */ = {isa = PBXFileReference; lastKnownFileType = sourcecode.swift; path = WaypointEditorSheet.swift; sourceTree = "<group>"; };
		04F1C7012EFACEEE00192A14 /* FlightPlanExportService.swift */ = {isa = PBXFileReference; lastKnownFileType = sourcecode.swift; path = FlightPlanExportService.swift; sourceTree = "<group>"; };
		04F1C7032F0A111100192A14 /* DataPersistenceManager.swift */ = {isa = PBXFileReference; lastKnownFileType = sourcecode.swift; path = DataPersistenceManager.swift; sourceTree = "<group>"; };
		04F1C7052F0A111100192A14 /* SyncManager.swift */ = {isa = PBXFileReference; lastKnownFileType = sourcecode.swift; path = SyncManager.swift; sourceTree = "<group>"; };
		A1000001111111110000000 /* AeroCheck.app */ = {isa = PBXFileReference; explicitFileType = wrapper.application; includeInIndex = 0; path = AeroCheck.app; sourceTree = BUILT_PRODUCTS_DIR; };
		A1000001111111110000001 /* AeroCheckApp.swift */ = {isa = PBXFileReference; lastKnownFileType = sourcecode.swift; path = AeroCheckApp.swift; sourceTree = "<group>"; };
		A1000001111111110000002 /* ContentView.swift */ = {isa = PBXFileReference; lastKnownFileType = sourcecode.swift; path = ContentView.swift; sourceTree = "<group>"; };
		A1000001111111110000003 /* HomeView.swift */ = {isa = PBXFileReference; lastKnownFileType = sourcecode.swift; path = HomeView.swift; sourceTree = "<group>"; };
		A1000001111111110000004 /* FlightView.swift */ = {isa = PBXFileReference; lastKnownFileType = sourcecode.swift; path = FlightView.swift; sourceTree = "<group>"; };
		A1000001111111110000005 /* FlightLogView.swift */ = {isa = PBXFileReference; lastKnownFileType = sourcecode.swift; path = FlightLogView.swift; sourceTree = "<group>"; };
		A1000001111111110000006 /* SettingsView.swift */ = {isa = PBXFileReference; lastKnownFileType = sourcecode.swift; path = SettingsView.swift; sourceTree = "<group>"; };
		A1000001111111110000007 /* Flight.swift */ = {isa = PBXFileReference; lastKnownFileType = sourcecode.swift; path = Flight.swift; sourceTree = "<group>"; };
		A1000001111111110000008 /* Checklist.swift */ = {isa = PBXFileReference; lastKnownFileType = sourcecode.swift; path = Checklist.swift; sourceTree = "<group>"; };
		A1000001111111110000097 /* ActiveChecklist.swift */ = {isa = PBXFileReference; lastKnownFileType = sourcecode.swift; path = ActiveChecklist.swift; sourceTree = "<group>"; };
		A1000001111111110000009 /* AppState.swift */ = {isa = PBXFileReference; lastKnownFileType = sourcecode.swift; path = AppState.swift; sourceTree = "<group>"; };
		A1000001111111110000010 /* LocationManager.swift */ = {isa = PBXFileReference; lastKnownFileType = sourcecode.swift; path = LocationManager.swift; sourceTree = "<group>"; };
		A1000001111111110000099 /* FlightLauncher.swift */ = {isa = PBXFileReference; lastKnownFileType = sourcecode.swift; path = FlightLauncher.swift; sourceTree = "<group>"; };
		A1000001111111110000050 /* ExternalRequest.swift */ = {isa = PBXFileReference; lastKnownFileType = sourcecode.swift; path = ExternalRequest.swift; sourceTree = "<group>"; };
		A1000001111111110000098 /* WidgetBridge.swift */ = {isa = PBXFileReference; lastKnownFileType = sourcecode.swift; path = WidgetBridge.swift; sourceTree = "<group>"; };
		A1000001111111110000011 /* DesignSystem.swift */ = {isa = PBXFileReference; lastKnownFileType = sourcecode.swift; path = DesignSystem.swift; sourceTree = "<group>"; };
		A1000001111111110000012 /* ChecklistView.swift */ = {isa = PBXFileReference; lastKnownFileType = sourcecode.swift; path = ChecklistView.swift; sourceTree = "<group>"; };
		A1000001111111110000013 /* Assets.xcassets */ = {isa = PBXFileReference; lastKnownFileType = folder.assetcatalog; path = Assets.xcassets; sourceTree = "<group>"; };
		A1000001111111110000014 /* Info.plist */ = {isa = PBXFileReference; lastKnownFileType = text.plist.xml; path = Info.plist; sourceTree = "<group>"; };
		A1000001111111110000015 /* Aircraft.swift */ = {isa = PBXFileReference; lastKnownFileType = sourcecode.swift; path = Aircraft.swift; sourceTree = "<group>"; };
		A1000001111111110000016 /* WT9ChecklistData.swift */ = {isa = PBXFileReference; lastKnownFileType = sourcecode.swift; path = WT9ChecklistData.swift; sourceTree = "<group>"; };
		A1000001111111110000018 /* NavigationView.swift */ = {isa = PBXFileReference; lastKnownFileType = sourcecode.swift; path = NavigationView.swift; sourceTree = "<group>"; };
		A1000001111111110000019 /* OfflineMapManager.swift */ = {isa = PBXFileReference; lastKnownFileType = sourcecode.swift; path = OfflineMapManager.swift; sourceTree = "<group>"; };
		A1000001111111110000020 /* WindDataService.swift */ = {isa = PBXFileReference; lastKnownFileType = sourcecode.swift; path = WindDataService.swift; sourceTree = "<group>"; };
		A2000001111111110000000 /* AeroCheckWidgetExtension.appex */ = {isa = PBXFileReference; explicitFileType = "wrapper.app-extension"; includeInIndex = 0; path = AeroCheckWidgetExtension.appex; sourceTree = BUILT_PRODUCTS_DIR; };
		A2000001111111110000001 /* WidgetKit.framework */ = {isa = PBXFileReference; lastKnownFileType = wrapper.framework; name = WidgetKit.framework; path = System/Library/Frameworks/WidgetKit.framework; sourceTree = SDKROOT; };
		A2000001111111110000002 /* SwiftUI.framework */ = {isa = PBXFileReference; lastKnownFileType = wrapper.framework; name = SwiftUI.framework; path = System/Library/Frameworks/SwiftUI.framework; sourceTree = SDKROOT; };
		A2000001111111110000003 /* AeroCheckWidget.swift */ = {isa = PBXFileReference; lastKnownFileType = sourcecode.swift; path = AeroCheckWidget.swift; sourceTree = "<group>"; };
		A2000001111111110000004 /* Info.plist */ = {isa = PBXFileReference; lastKnownFileType = text.plist.xml; path = Info.plist; sourceTree = "<group>"; };
		A3000001111111110000001 /* WatchConnectivityManager.swift */ = {isa = PBXFileReference; lastKnownFileType = sourcecode.swift; path = WatchConnectivityManager.swift; sourceTree = "<group>"; };
		A3000001111111110000002 /* WatchConnectivityData.swift */ = {isa = PBXFileReference; lastKnownFileType = sourcecode.swift; path = WatchConnectivityData.swift; sourceTree = "<group>"; };
		A4000001111111110000000 /* AeroCheckWatch.app */ = {isa = PBXFileReference; explicitFileType = wrapper.application; includeInIndex = 0; path = AeroCheckWatch.app; sourceTree = BUILT_PRODUCTS_DIR; };
		A4000001111111110000001 /* AeroCheckWatchApp.swift */ = {isa = PBXFileReference; lastKnownFileType = sourcecode.swift; path = AeroCheckWatchApp.swift; sourceTree = "<group>"; };
		A4000001111111110000002 /* WatchContentView.swift */ = {isa = PBXFileReference; lastKnownFileType = sourcecode.swift; name = WatchContentView.swift; path = ContentView.swift; sourceTree = "<group>"; };
		A4000001111111110000003 /* WatchConnectivityManager.swift */ = {isa = PBXFileReference; lastKnownFileType = sourcecode.swift; path = WatchConnectivityManager.swift; sourceTree = "<group>"; };
		A4000001111111110000004 /* Info.plist */ = {isa = PBXFileReference; lastKnownFileType = text.plist.xml; path = Info.plist; sourceTree = "<group>"; };
		A4000001111111110000005 /* Assets.xcassets */ = {isa = PBXFileReference; lastKnownFileType = folder.assetcatalog; path = Assets.xcassets; sourceTree = "<group>"; };
		B3000001111111110000001 /* SubscriptionManager.swift */ = {isa = PBXFileReference; lastKnownFileType = sourcecode.swift; path = SubscriptionManager.swift; sourceTree = "<group>"; };
		B3000001111111110000002 /* AircraftDataService.swift */ = {isa = PBXFileReference; lastKnownFileType = sourcecode.swift; path = AircraftDataService.swift; sourceTree = "<group>"; };
		B3000001111111110000003 /* RemoteAircraft.swift */ = {isa = PBXFileReference; lastKnownFileType = sourcecode.swift; path = RemoteAircraft.swift; sourceTree = "<group>"; };
		B3000001111111110000004 /* SubscriptionView.swift */ = {isa = PBXFileReference; lastKnownFileType = sourcecode.swift; path = SubscriptionView.swift; sourceTree = "<group>"; };
		B3000001111111110000005 /* Configuration.storekit */ = {isa = PBXFileReference; lastKnownFileType = text; path = Configuration.storekit; sourceTree = "<group>"; };
		C1000001111111110000001 /* Localization.swift */ = {isa = PBXFileReference; lastKnownFileType = sourcecode.swift; path = Localization.swift; sourceTree = "<group>"; };
		C1000001111111110000002 /* Localizable.xcstrings */ = {isa = PBXFileReference; lastKnownFileType = text.json.xcstrings; path = Localizable.xcstrings; sourceTree = "<group>"; };
		D1000001111111110000001 /* BundledChecklistService.swift */ = {isa = PBXFileReference; lastKnownFileType = sourcecode.swift; path = BundledChecklistService.swift; sourceTree = "<group>"; };
		D1000001111111110000002 /* wt9-dynamic-bundled.json */ = {isa = PBXFileReference; lastKnownFileType = text.json; path = "wt9-dynamic-bundled.json"; sourceTree = "<group>"; };
		D1000001111111110000003 /* wt9-dynamic-bundled-fr.json */ = {isa = PBXFileReference; lastKnownFileType = text.json; path = "wt9-dynamic-bundled-fr.json"; sourceTree = "<group>"; };
		E1000001111111110000001 /* Airport.swift */ = {isa = PBXFileReference; lastKnownFileType = sourcecode.swift; path = Airport.swift; sourceTree = "<group>"; };
		E1000001111111110000002 /* AirportDataService.swift */ = {isa = PBXFileReference; lastKnownFileType = sourcecode.swift; path = AirportDataService.swift; sourceTree = "<group>"; };
		F1000001111111110000001 /* FlightEventDetector.swift */ = {isa = PBXFileReference; lastKnownFileType = sourcecode.swift; path = FlightEventDetector.swift; sourceTree = "<group>"; };
		F1000001111111110000002 /* EventConfirmationView.swift */ = {isa = PBXFileReference; lastKnownFileType = sourcecode.swift; path = EventConfirmationView.swift; sourceTree = "<group>"; };
		G1000001111111110000001 /* HourMeterInputView.swift */ = {isa = PBXFileReference; lastKnownFileType = sourcecode.swift; path = HourMeterInputView.swift; sourceTree = "<group>"; };

		H1000001111111110000001 /* BriefingData.swift */ = {isa = PBXFileReference; lastKnownFileType = sourcecode.swift; path = BriefingData.swift; sourceTree = "<group>"; };
		I1000001111111110000001 /* AircraftSettingsView.swift */ = {isa = PBXFileReference; lastKnownFileType = sourcecode.swift; path = AircraftSettingsView.swift; sourceTree = "<group>"; };
		I1000001111111110000002 /* ChecklistFlightSettingsView.swift */ = {isa = PBXFileReference; lastKnownFileType = sourcecode.swift; path = ChecklistFlightSettingsView.swift; sourceTree = "<group>"; };
		I1000001111111110000003 /* NavigationMapsSettingsView.swift */ = {isa = PBXFileReference; lastKnownFileType = sourcecode.swift; path = NavigationMapsSettingsView.swift; sourceTree = "<group>"; };
		I1000001111111110000004 /* FlightPlanningSettingsView.swift */ = {isa = PBXFileReference; lastKnownFileType = sourcecode.swift; path = FlightPlanningSettingsView.swift; sourceTree = "<group>"; };
		I1000001111111110000005 /* SyncDataSettingsView.swift */ = {isa = PBXFileReference; lastKnownFileType = sourcecode.swift; path = SyncDataSettingsView.swift; sourceTree = "<group>"; };
		I1000001111111110000006 /* AboutSettingsView.swift */ = {isa = PBXFileReference; lastKnownFileType = sourcecode.swift; path = AboutSettingsView.swift; sourceTree = "<group>"; };
		I1000001111111110000007 /* OnboardingView.swift */ = {isa = PBXFileReference; lastKnownFileType = sourcecode.swift; path = OnboardingView.swift; sourceTree = "<group>"; };
		AA000001111111110000001 /* OpenAIPConfig.swift */ = {isa = PBXFileReference; lastKnownFileType = sourcecode.swift; path = OpenAIPConfig.swift; sourceTree = "<group>"; };
		AA000001111111110000002 /* OpenAIPTileOverlay.swift */ = {isa = PBXFileReference; lastKnownFileType = sourcecode.swift; path = OpenAIPTileOverlay.swift; sourceTree = "<group>"; };
		AA000001111111110000003 /* OpenAIPCacheManager.swift */ = {isa = PBXFileReference; lastKnownFileType = sourcecode.swift; path = OpenAIPCacheManager.swift; sourceTree = "<group>"; };
		AA000001111111110000004 /* OpenAIPDataService.swift */ = {isa = PBXFileReference; lastKnownFileType = sourcecode.swift; path = OpenAIPDataService.swift; sourceTree = "<group>"; };
		AA000001111111110000005 /* AirspaceAnalyzer.swift */ = {isa = PBXFileReference; lastKnownFileType = sourcecode.swift; path = AirspaceAnalyzer.swift; sourceTree = "<group>"; };
		AA000001111111110000006 /* Airspace.swift */ = {isa = PBXFileReference; lastKnownFileType = sourcecode.swift; path = Airspace.swift; sourceTree = "<group>"; };
		92A08F72FE734613BD614D58 /* CompanionConnectivityManager.swift */ = {isa = PBXFileReference; lastKnownFileType = sourcecode.swift; path = CompanionConnectivityManager.swift; sourceTree = "<group>"; };
		58FBA25D932544A8A504A2CD /* CompanionConnectivityData.swift */ = {isa = PBXFileReference; lastKnownFileType = sourcecode.swift; path = CompanionConnectivityData.swift; sourceTree = "<group>"; };
		D3A1E39F906E4080982C26BB /* CompanionFlightView.swift */ = {isa = PBXFileReference; lastKnownFileType = sourcecode.swift; path = CompanionFlightView.swift; sourceTree = "<group>"; };
		E4FA2F1A98E04367ABB300EF /* CompanionPairingView.swift */ = {isa = PBXFileReference; lastKnownFileType = sourcecode.swift; path = CompanionPairingView.swift; sourceTree = "<group>"; };
		2E25D9E77A5545DFBFE6D89D /* CompanionSettingsView.swift */ = {isa = PBXFileReference; lastKnownFileType = sourcecode.swift; path = CompanionSettingsView.swift; sourceTree = "<group>"; };
/* End PBXFileReference section */

/* Begin PBXFrameworksBuildPhase section */
		A5000002111111110000001 /* Frameworks */ = {
			isa = PBXFrameworksBuildPhase;
			buildActionMask = 2147483647;
			files = (
			);
			runOnlyForDeploymentPostprocessing = 0;
		};
		A1000002111111110000001 /* Frameworks */ = {
			isa = PBXFrameworksBuildPhase;
			buildActionMask = 2147483647;
			files = (
				04A712992F1A39B000E24712 /* StoreKit.framework in Frameworks */,
			);
			runOnlyForDeploymentPostprocessing = 0;
		};
		A2000002111111110000002 /* Frameworks */ = {
			isa = PBXFrameworksBuildPhase;
			buildActionMask = 2147483647;
			files = (
				A2000001211111110000002 /* SwiftUI.framework in Frameworks */,
				A2000001211111110000001 /* WidgetKit.framework in Frameworks */,
			);
			runOnlyForDeploymentPostprocessing = 0;
		};
		A4000002111111110000002 /* Frameworks */ = {
			isa = PBXFrameworksBuildPhase;
			buildActionMask = 2147483647;
			files = (
			);
			runOnlyForDeploymentPostprocessing = 0;
		};
/* End PBXFrameworksBuildPhase section */

/* Begin PBXGroup section */
		A5000003111111110000001 /* AeroCheckTests */ = {
			isa = PBXGroup;
			children = (
				A5000008111111110000001 /* GeoValidationTests.swift */,
				A5000008111111110000003 /* AirspaceAnalyzerTests.swift */,
				A5000008111111110000005 /* WindDataServiceTests.swift */,
				A5000008111111110000007 /* FlightEventDetectorTests.swift */,
				A5000009111111110000001 /* AppStateFlightStartTests.swift */,
				A500000A111111110000001 /* AppStateSelectAircraftTests.swift */,
				A500000B111111110000001 /* FlightLauncherTests.swift */,
				A500000C111111110000001 /* ActiveChecklistTests.swift */,
				A500000D111111110000001 /* ActiveFlightStatePersistenceTests.swift */,
				A500000E111111110000001 /* AirportCSVParseTests.swift */,
				A500000F111111110000001 /* ExternalRequestTests.swift */,
				A5000010111111110000001 /* DatastoreMigrationTests.swift */,
				A5000011111111110000001 /* FlightMergeValidationTests.swift */,
				A5000012111111110000001 /* AircraftDataServiceSeamTests.swift */,
				A5000013111111110000001 /* ElevationParseTests.swift */,
				A5000014111111110000001 /* SubscriptionReconcileTests.swift */,
				A5000015111111110000001 /* FlightSummaryStatsTests.swift */,
			);
			path = AeroCheckTests;
			sourceTree = "<group>";
		};
		A1000003111111110000001 = {
			isa = PBXGroup;
			children = (
				04C457262F1337A20083040B /* AéroCheck.entitlements */,
				A1000003111111110000002 /* AeroCheck */,
				A5000003111111110000001 /* AeroCheckTests */,
				A3000003111111110000001 /* Shared */,
				A4000003111111110000002 /* AeroCheckWatch */,
				A2000003111111110000002 /* AeroCheckWidget */,
				A2000003111111110000003 /* Frameworks */,
				A1000003111111110000003 /* Products */,
			);
			sourceTree = "<group>";
		};
		A1000003111111110000002 /* AeroCheck */ = {
			isa = PBXGroup;
			children = (
				A1000001111111110000001 /* AeroCheckApp.swift */,
				A1000003111111110000004 /* Views */,
				A1000003111111110000005 /* Models */,
				A1000003111111110000006 /* Services */,
				A1000003111111110000007 /* Components */,
				D1000003111111110000001 /* Resources */,
				C1000001111111110000001 /* Localization.swift */,
				C1000001111111110000002 /* Localizable.xcstrings */,
				A1000001111111110000013 /* Assets.xcassets */,
				A1000001111111110000014 /* Info.plist */,
				B3000001111111110000005 /* Configuration.storekit */,
			);
			path = AeroCheck;
			sourceTree = "<group>";
		};
		D1000003111111110000001 /* Resources */ = {
			isa = PBXGroup;
			children = (
				D1000001111111110000002 /* wt9-dynamic-bundled.json */,
				D1000001111111110000003 /* wt9-dynamic-bundled-fr.json */,
			);
			path = Resources;
			sourceTree = "<group>";
		};
		A1000003111111110000003 /* Products */ = {
			isa = PBXGroup;
			children = (
				A1000001111111110000000 /* AeroCheck.app */,
				A5000001111111110000000 /* AeroCheckTests.xctest */,
				A2000001111111110000000 /* AeroCheckWidgetExtension.appex */,
				A4000001111111110000000 /* AeroCheckWatch.app */,
			);
			name = Products;
			sourceTree = "<group>";
		};
		A1000003111111110000004 /* Views */ = {
			isa = PBXGroup;
			children = (
				J1000003111111110000001 /* Settings */,
				A1000001111111110000002 /* ContentView.swift */,
				A1000001111111110000003 /* HomeView.swift */,
				A1000001111111110000004 /* FlightView.swift */,
				D3A1E39F906E4080982C26BB /* CompanionFlightView.swift */,
				E4FA2F1A98E04367ABB300EF /* CompanionPairingView.swift */,
				A1000001111111110000005 /* FlightLogView.swift */,
				A1000001111111110000018 /* NavigationView.swift */,
				I1000001111111110000007 /* OnboardingView.swift */,
				A1000001111111110000006 /* SettingsView.swift */,
				04F1C6F62EF9CD9D00192A14 /* FlightPlanEditorView.swift */,
				04F1C6F72EF9CD9D00192A14 /* FlightPlanningView.swift */,
				04F1C6F82EF9CD9D00192A14 /* FlightPlanOverlayView.swift */,
				04F1C6F92EF9CD9D00192A14 /* TerrainProfileView.swift */,
				04F1C6FA2EF9CD9D00192A14 /* WaypointEditorSheet.swift */,
				B3000001111111110000004 /* SubscriptionView.swift */,
				F1000001111111110000002 /* EventConfirmationView.swift */,
				G1000001111111110000001 /* HourMeterInputView.swift */,
			);
			path = Views;
			sourceTree = "<group>";
		};
		J1000003111111110000001 /* Settings */ = {
			isa = PBXGroup;
			children = (
				I1000001111111110000006 /* AboutSettingsView.swift */,
				I1000001111111110000001 /* AircraftSettingsView.swift */,
				I1000001111111110000002 /* ChecklistFlightSettingsView.swift */,
				I1000001111111110000004 /* FlightPlanningSettingsView.swift */,
				I1000001111111110000003 /* NavigationMapsSettingsView.swift */,
				I1000001111111110000005 /* SyncDataSettingsView.swift */,
				2E25D9E77A5545DFBFE6D89D /* CompanionSettingsView.swift */,
			);
			path = Settings;
			sourceTree = "<group>";
		};
		A1000003111111110000005 /* Models */ = {
			isa = PBXGroup;
			children = (
				A1000001111111110000015 /* Aircraft.swift */,
				E1000001111111110000001 /* Airport.swift */,
				H1000001111111110000001 /* BriefingData.swift */,
				A1000001111111110000007 /* Flight.swift */,
				04F1C6F02EF9CD5100192A14 /* FlightPlan.swift */,
				04F1C6F22EF9CD5A00192A14 /* FlightPlanManager.swift */,
				A1000001111111110000008 /* Checklist.swift */,
				A1000001111111110000097 /* ActiveChecklist.swift */,
				A1000001111111110000016 /* WT9ChecklistData.swift */,
				A1000001111111110000009 /* AppState.swift */,
				B3000001111111110000003 /* RemoteAircraft.swift */,
				AA000001111111110000006 /* Airspace.swift */,
			);
			path = Models;
			sourceTree = "<group>";
		};
		A1000003111111110000006 /* Services */ = {
			isa = PBXGroup;
			children = (
				A1000001111111110000010 /* LocationManager.swift */,
				A1000001111111110000099 /* FlightLauncher.swift */,
				A1000001111111110000050 /* ExternalRequest.swift */,
				A1000001111111110000098 /* WidgetBridge.swift */,
				A1000001111111110000019 /* OfflineMapManager.swift */,
				047B5F7C2EF492D5009F1317 /* MarketingLocationProvider.swift */,
				A1000001111111110000020 /* WindDataService.swift */,
				04F1C6F42EF9CD6F00192A14 /* ElevationService.swift */,
				04F1C7012EFACEEE00192A14 /* FlightPlanExportService.swift */,
				04F1C7032F0A111100192A14 /* DataPersistenceManager.swift */,
				04F1C7052F0A111100192A14 /* SyncManager.swift */,
				A3000001111111110000001 /* WatchConnectivityManager.swift */,
				92A08F72FE734613BD614D58 /* CompanionConnectivityManager.swift */,
				B3000001111111110000001 /* SubscriptionManager.swift */,
				B3000001111111110000002 /* AircraftDataService.swift */,
				E1000001111111110000002 /* AirportDataService.swift */,
				F1000001111111110000001 /* FlightEventDetector.swift */,
				D1000001111111110000001 /* BundledChecklistService.swift */,
				AA000001111111110000001 /* OpenAIPConfig.swift */,
				AA000001111111110000002 /* OpenAIPTileOverlay.swift */,
				AA000001111111110000003 /* OpenAIPCacheManager.swift */,
				AA000001111111110000004 /* OpenAIPDataService.swift */,
				AA000001111111110000005 /* AirspaceAnalyzer.swift */,
			);
			path = Services;
			sourceTree = "<group>";
		};
		A1000003111111110000007 /* Components */ = {
			isa = PBXGroup;
			children = (
				A1000001111111110000011 /* DesignSystem.swift */,
				A1000001111111110000012 /* ChecklistView.swift */,
			);
			path = Components;
			sourceTree = "<group>";
		};
		A2000003111111110000002 /* AeroCheckWidget */ = {
			isa = PBXGroup;
			children = (
				A2000001111111110000003 /* AeroCheckWidget.swift */,
				A2000001111111110000004 /* Info.plist */,
			);
			path = AeroCheckWidget;
			sourceTree = "<group>";
		};
		A2000003111111110000003 /* Frameworks */ = {
			isa = PBXGroup;
			children = (
				04A712982F1A39B000E24712 /* StoreKit.framework */,
				A2000001111111110000001 /* WidgetKit.framework */,
				A2000001111111110000002 /* SwiftUI.framework */,
			);
			name = Frameworks;
			sourceTree = "<group>";
		};
		A3000003111111110000001 /* Shared */ = {
			isa = PBXGroup;
			children = (
				A3000001111111110000002 /* WatchConnectivityData.swift */,
				58FBA25D932544A8A504A2CD /* CompanionConnectivityData.swift */,
			);
			path = Shared;
			sourceTree = "<group>";
		};
		A4000003111111110000002 /* AeroCheckWatch */ = {
			isa = PBXGroup;
			children = (
				A4000001111111110000001 /* AeroCheckWatchApp.swift */,
				A4000001111111110000002 /* WatchContentView.swift */,
				A4000001111111110000003 /* WatchConnectivityManager.swift */,
				A4000001111111110000005 /* Assets.xcassets */,
				A4000001111111110000004 /* Info.plist */,
			);
			path = AeroCheckWatch;
			sourceTree = "<group>";
		};
/* End PBXGroup section */

/* Begin PBXNativeTarget section */
		A5000004111111110000001 /* AeroCheckTests */ = {
			isa = PBXNativeTarget;
			buildConfigurationList = A5000005111111110000001 /* Build configuration list for PBXNativeTarget "AeroCheckTests" */;
			buildPhases = (
				A5000004111111110000002 /* Sources */,
				A5000002111111110000001 /* Frameworks */,
				A5000004111111110000003 /* Resources */,
			);
			buildRules = (
			);
			dependencies = (
				A5000006111111110000001 /* PBXTargetDependency */,
			);
			name = AeroCheckTests;
			productName = AeroCheckTests;
			productReference = A5000001111111110000000 /* AeroCheckTests.xctest */;
			productType = "com.apple.product-type.bundle.unit-test";
		};
		A1000004111111110000001 /* AéroCheck */ = {
			isa = PBXNativeTarget;
			buildConfigurationList = A1000005111111110000003 /* Build configuration list for PBXNativeTarget "AéroCheck" */;
			buildPhases = (
				A1000004111111110000002 /* Sources */,
				A1000002111111110000001 /* Frameworks */,
				A1000004111111110000003 /* Resources */,
				A2000003111111110000001 /* Embed Foundation Extensions */,
				A4000003111111110000001 /* Embed Watch Content */,
			);
			buildRules = (
			);
			dependencies = (
				A2000006111111110000001 /* PBXTargetDependency */,
				A4000006111111110000001 /* PBXTargetDependency */,
			);
			name = "AéroCheck";
			productName = AeroCheck;
			productReference = A1000001111111110000000 /* AeroCheck.app */;
			productType = "com.apple.product-type.application";
		};
		A2000004111111110000001 /* AéroCheckWidgetExtension */ = {
			isa = PBXNativeTarget;
			buildConfigurationList = A2000005111111110000001 /* Build configuration list for PBXNativeTarget "AéroCheckWidgetExtension" */;
			buildPhases = (
				A2000004111111110000003 /* Sources */,
				A2000002111111110000002 /* Frameworks */,
				A2000004111111110000004 /* Resources */,
			);
			buildRules = (
			);
			dependencies = (
			);
			name = "AéroCheckWidgetExtension";
			productName = AeroCheckWidgetExtension;
			productReference = A2000001111111110000000 /* AeroCheckWidgetExtension.appex */;
			productType = "com.apple.product-type.app-extension";
		};
		A4000004111111110000001 /* AéroCheckWatch */ = {
			isa = PBXNativeTarget;
			buildConfigurationList = A4000005111111110000001 /* Build configuration list for PBXNativeTarget "AéroCheckWatch" */;
			buildPhases = (
				A4000004111111110000002 /* Sources */,
				A4000002111111110000002 /* Frameworks */,
				A4000004111111110000003 /* Resources */,
			);
			buildRules = (
			);
			dependencies = (
			);
			name = "AéroCheckWatch";
			productName = AeroCheckWatch;
			productReference = A4000001111111110000000 /* AeroCheckWatch.app */;
			productType = "com.apple.product-type.application";
		};
/* End PBXNativeTarget section */

/* Begin PBXProject section */
		A1000006111111110000001 /* Project object */ = {
			isa = PBXProject;
			attributes = {
				BuildIndependentTargetsInParallel = 1;
				LastSwiftUpdateCheck = 1500;
				LastUpgradeCheck = 1500;
				TargetAttributes = {
					A1000004111111110000001 = {
						CreatedOnToolsVersion = 15.0;
					};
					A5000004111111110000001 = {
						CreatedOnToolsVersion = 15.0;
						TestTargetID = A1000004111111110000001;
					};
					A2000004111111110000001 = {
						CreatedOnToolsVersion = 15.0;
					};
					A4000004111111110000001 = {
						CreatedOnToolsVersion = 15.0;
					};
				};
			};
			buildConfigurationList = A1000005111111110000001 /* Build configuration list for PBXProject "AeroCheck" */;
			compatibilityVersion = "Xcode 14.0";
			developmentRegion = en;
			hasScannedForEncodings = 0;
			knownRegions = (
				en,
				Base,
			);
			mainGroup = A1000003111111110000001;
			productRefGroup = A1000003111111110000003 /* Products */;
			projectDirPath = "";
			projectRoot = "";
			targets = (
				A5000004111111110000001 /* AeroCheckTests */,
				A1000004111111110000001 /* AéroCheck */,
				A2000004111111110000001 /* AéroCheckWidgetExtension */,
				A4000004111111110000001 /* AéroCheckWatch */,
			);
		};
/* End PBXProject section */

/* Begin PBXResourcesBuildPhase section */
		A5000004111111110000003 /* Resources */ = {
			isa = PBXResourcesBuildPhase;
			buildActionMask = 2147483647;
			files = (
			);
			runOnlyForDeploymentPostprocessing = 0;
		};
		A1000004111111110000003 /* Resources */ = {
			isa = PBXResourcesBuildPhase;
			buildActionMask = 2147483647;
			files = (
				A1000001211111110000013 /* Assets.xcassets in Resources */,
				B3000001211111110000005 /* Configuration.storekit in Resources */,
				C1000001211111110000002 /* Localizable.xcstrings in Resources */,
				D1000001211111110000002 /* wt9-dynamic-bundled.json in Resources */,
				D1000001211111110000003 /* wt9-dynamic-bundled-fr.json in Resources */,
			);
			runOnlyForDeploymentPostprocessing = 0;
		};
		A2000004111111110000004 /* Resources */ = {
			isa = PBXResourcesBuildPhase;
			buildActionMask = 2147483647;
			files = (
				A2000001211111110000004 /* Assets.xcassets in Resources */,
			);
			runOnlyForDeploymentPostprocessing = 0;
		};
		A4000004111111110000003 /* Resources */ = {
			isa = PBXResourcesBuildPhase;
			buildActionMask = 2147483647;
			files = (
				A4000001211111110000005 /* Assets.xcassets in Resources */,
			);
			runOnlyForDeploymentPostprocessing = 0;
		};
/* End PBXResourcesBuildPhase section */

/* Begin PBXSourcesBuildPhase section */
		A5000004111111110000002 /* Sources */ = {
			isa = PBXSourcesBuildPhase;
			buildActionMask = 2147483647;
			files = (
				A5000008111111110000002 /* GeoValidationTests.swift in Sources */,
				A5000008111111110000004 /* AirspaceAnalyzerTests.swift in Sources */,
				A5000008111111110000006 /* WindDataServiceTests.swift in Sources */,
				A5000008111111110000008 /* FlightEventDetectorTests.swift in Sources */,
				A5000009111111110000002 /* AppStateFlightStartTests.swift in Sources */,
				A500000A111111110000002 /* AppStateSelectAircraftTests.swift in Sources */,
				A500000B111111110000002 /* FlightLauncherTests.swift in Sources */,
				A500000C111111110000002 /* ActiveChecklistTests.swift in Sources */,
				A500000D111111110000002 /* ActiveFlightStatePersistenceTests.swift in Sources */,
				A500000E111111110000002 /* AirportCSVParseTests.swift in Sources */,
				A500000F111111110000002 /* ExternalRequestTests.swift in Sources */,
				A5000010111111110000002 /* DatastoreMigrationTests.swift in Sources */,
				A5000011111111110000002 /* FlightMergeValidationTests.swift in Sources */,
				A5000012111111110000002 /* AircraftDataServiceSeamTests.swift in Sources */,
				A5000013111111110000002 /* ElevationParseTests.swift in Sources */,
				A5000014111111110000002 /* SubscriptionReconcileTests.swift in Sources */,
				A5000015111111110000002 /* FlightSummaryStatsTests.swift in Sources */,
			);
			runOnlyForDeploymentPostprocessing = 0;
		};
		A1000004111111110000002 /* Sources */ = {
			isa = PBXSourcesBuildPhase;
			buildActionMask = 2147483647;
			files = (
				04F1C6F32EF9CD5A00192A14 /* FlightPlanManager.swift in Sources */,
				A1000001211111110000001 /* AeroCheckApp.swift in Sources */,
				04F1C6FB2EF9CD9D00192A14 /* FlightPlanningView.swift in Sources */,
				04F1C6FC2EF9CD9D00192A14 /* TerrainProfileView.swift in Sources */,
				04F1C6FD2EF9CD9D00192A14 /* WaypointEditorSheet.swift in Sources */,
				04F1C6FE2EF9CD9D00192A14 /* FlightPlanEditorView.swift in Sources */,
				04F1C6FF2EF9CD9D00192A14 /* FlightPlanOverlayView.swift in Sources */,
				04F1C7002EFACEEE00192A14 /* FlightPlanExportService.swift in Sources */,
				04F1C7022F0A111100192A14 /* DataPersistenceManager.swift in Sources */,
				04F1C7042F0A111100192A14 /* SyncManager.swift in Sources */,
				A1000001211111110000002 /* ContentView.swift in Sources */,
				A1000001211111110000003 /* HomeView.swift in Sources */,
				A1000001211111110000004 /* FlightView.swift in Sources */,
				A1000001211111110000005 /* FlightLogView.swift in Sources */,
				A1000001211111110000006 /* SettingsView.swift in Sources */,
				A1000001211111110000007 /* Flight.swift in Sources */,
				A1000001211111110000008 /* Checklist.swift in Sources */,
				A1000001211111110000097 /* ActiveChecklist.swift in Sources */,
				A1000001211111110000009 /* AppState.swift in Sources */,
				A1000001211111110000010 /* LocationManager.swift in Sources */,
				A1000001211111110000099 /* FlightLauncher.swift in Sources */,
				A1000001211111110000050 /* ExternalRequest.swift in Sources */,
				A1000001211111110000098 /* WidgetBridge.swift in Sources */,
				A1000001211111110000019 /* OfflineMapManager.swift in Sources */,
				04F1C6F12EF9CD5100192A14 /* FlightPlan.swift in Sources */,
				04F1C6F52EF9CD6F00192A14 /* ElevationService.swift in Sources */,
				A1000001211111110000020 /* WindDataService.swift in Sources */,
				A1000001211111110000011 /* DesignSystem.swift in Sources */,
				A1000001211111110000012 /* ChecklistView.swift in Sources */,
				A1000001211111110000015 /* Aircraft.swift in Sources */,
				A1000001211111110000016 /* WT9ChecklistData.swift in Sources */,
				047B5F7D2EF492D5009F1317 /* MarketingLocationProvider.swift in Sources */,
				A1000001211111110000018 /* NavigationView.swift in Sources */,
				A3000001211111110000001 /* WatchConnectivityManager.swift in Sources */,
				A3000001211111110000002 /* WatchConnectivityData.swift in Sources */,
				EC22E3A0DBAD43EA911E2321 /* CompanionConnectivityManager.swift in Sources */,
				62889D5E704D465089384ECD /* CompanionConnectivityData.swift in Sources */,
				3C226443148C497A84702219 /* CompanionFlightView.swift in Sources */,
				8E583809D3E14BD5A518010F /* CompanionPairingView.swift in Sources */,
				E47A0B7E1F564DBD8E48AF14 /* CompanionSettingsView.swift in Sources */,
				B3000001211111110000001 /* SubscriptionManager.swift in Sources */,
				B3000001211111110000002 /* AircraftDataService.swift in Sources */,
				B3000001211111110000003 /* RemoteAircraft.swift in Sources */,
				B3000001211111110000004 /* SubscriptionView.swift in Sources */,
				C1000001211111110000001 /* Localization.swift in Sources */,
				D1000001211111110000001 /* BundledChecklistService.swift in Sources */,
				E1000001211111110000001 /* Airport.swift in Sources */,
				E1000001211111110000002 /* AirportDataService.swift in Sources */,
				F1000001211111110000001 /* FlightEventDetector.swift in Sources */,
				H1000001211111110000001 /* BriefingData.swift in Sources */,
				F1000001211111110000002 /* EventConfirmationView.swift in Sources */,
				G1000001211111110000001 /* HourMeterInputView.swift in Sources */,
				I1000001211111110000001 /* AircraftSettingsView.swift in Sources */,
				I1000001211111110000002 /* ChecklistFlightSettingsView.swift in Sources */,
				I1000001211111110000003 /* NavigationMapsSettingsView.swift in Sources */,
				I1000001211111110000004 /* FlightPlanningSettingsView.swift in Sources */,
				I1000001211111110000005 /* SyncDataSettingsView.swift in Sources */,
				I1000001211111110000006 /* AboutSettingsView.swift in Sources */,
				I1000001211111110000007 /* OnboardingView.swift in Sources */,
				AA000001211111110000001 /* OpenAIPConfig.swift in Sources */,
				AA000001211111110000002 /* OpenAIPTileOverlay.swift in Sources */,
				AA000001211111110000003 /* OpenAIPCacheManager.swift in Sources */,
				AA000001211111110000004 /* OpenAIPDataService.swift in Sources */,
				AA000001211111110000005 /* AirspaceAnalyzer.swift in Sources */,
				AA000001211111110000006 /* Airspace.swift in Sources */,
			);
			runOnlyForDeploymentPostprocessing = 0;
		};
		A2000004111111110000003 /* Sources */ = {
			isa = PBXSourcesBuildPhase;
			buildActionMask = 2147483647;
			files = (
				A2000001211111110000003 /* AeroCheckWidget.swift in Sources */,
			);
			runOnlyForDeploymentPostprocessing = 0;
		};
		A4000004111111110000002 /* Sources */ = {
			isa = PBXSourcesBuildPhase;
			buildActionMask = 2147483647;
			files = (
				A4000001211111110000001 /* AeroCheckWatchApp.swift in Sources */,
				A4000001211111110000002 /* WatchContentView.swift in Sources */,
				A4000001211111110000003 /* WatchConnectivityManager.swift in Sources */,
				A4000001211111110000004 /* WatchConnectivityData.swift in Sources */,
				0F1AFE06661D409A94896CE5 /* CompanionConnectivityData.swift in Sources */,
			);
			runOnlyForDeploymentPostprocessing = 0;
		};
/* End PBXSourcesBuildPhase section */

/* Begin PBXTargetDependency section */
		A5000006111111110000001 /* PBXTargetDependency */ = {
			isa = PBXTargetDependency;
			target = A1000004111111110000001 /* AéroCheck */;
			targetProxy = A5000007111111110000001 /* PBXContainerItemProxy */;
		};
		A2000006111111110000001 /* PBXTargetDependency */ = {
			isa = PBXTargetDependency;
			target = A2000004111111110000001 /* AéroCheckWidgetExtension */;
			targetProxy = A2000002111111110000001 /* PBXContainerItemProxy */;
		};
		A4000006111111110000001 /* PBXTargetDependency */ = {
			isa = PBXTargetDependency;
			target = A4000004111111110000001 /* AéroCheckWatch */;
			targetProxy = A4000002111111110000001 /* PBXContainerItemProxy */;
		};
/* End PBXTargetDependency section */

/* Begin XCBuildConfiguration section */
		A5000005111111110000002 /* Debug */ = {
			isa = XCBuildConfiguration;
			buildSettings = {
				BUNDLE_LOADER = "$(TEST_HOST)";
				CODE_SIGN_STYLE = Automatic;
				CURRENT_PROJECT_VERSION = 0.1;
				DEVELOPMENT_TEAM = H2N329D9U8;
				GENERATE_INFOPLIST_FILE = YES;
				IPHONEOS_DEPLOYMENT_TARGET = 17.0;
				MARKETING_VERSION = 4.0.0;
				PRODUCT_BUNDLE_IDENTIFIER = com.fetzu.aerocheck.tests;
				PRODUCT_NAME = "$(TARGET_NAME)";
				SDKROOT = iphoneos;
				SWIFT_EMIT_LOC_STRINGS = NO;
				SWIFT_VERSION = 5.0;
				TARGETED_DEVICE_FAMILY = "1,2";
				TEST_HOST = "$(BUILT_PRODUCTS_DIR)/AeroCheck.app/AeroCheck";
			};
			name = Debug;
		};
		A5000005111111110000003 /* Release */ = {
			isa = XCBuildConfiguration;
			buildSettings = {
				BUNDLE_LOADER = "$(TEST_HOST)";
				CODE_SIGN_STYLE = Automatic;
				CURRENT_PROJECT_VERSION = 0.1;
				DEVELOPMENT_TEAM = H2N329D9U8;
				GENERATE_INFOPLIST_FILE = YES;
				IPHONEOS_DEPLOYMENT_TARGET = 17.0;
				MARKETING_VERSION = 4.0.0;
				PRODUCT_BUNDLE_IDENTIFIER = com.fetzu.aerocheck.tests;
				PRODUCT_NAME = "$(TARGET_NAME)";
				SDKROOT = iphoneos;
				SWIFT_EMIT_LOC_STRINGS = NO;
				SWIFT_VERSION = 5.0;
				TARGETED_DEVICE_FAMILY = "1,2";
				TEST_HOST = "$(BUILT_PRODUCTS_DIR)/AeroCheck.app/AeroCheck";
			};
			name = Release;
		};
		A1000005211111110000001 /* Debug */ = {
			isa = XCBuildConfiguration;
			buildSettings = {
				ALWAYS_SEARCH_USER_PATHS = NO;
				ASSETCATALOG_COMPILER_GENERATE_SWIFT_ASSET_SYMBOL_EXTENSIONS = YES;
				CLANG_ANALYZER_NONNULL = YES;
				CLANG_ANALYZER_NUMBER_OBJECT_CONVERSION = YES_AGGRESSIVE;
				CLANG_CXX_LANGUAGE_STANDARD = "gnu++20";
				CLANG_ENABLE_MODULES = YES;
				CLANG_ENABLE_OBJC_ARC = YES;
				CLANG_ENABLE_OBJC_WEAK = YES;
				CLANG_WARN_BLOCK_CAPTURE_AUTORELEASING = YES;
				CLANG_WARN_BOOL_CONVERSION = YES;
				CLANG_WARN_COMMA = YES;
				CLANG_WARN_CONSTANT_CONVERSION = YES;
				CLANG_WARN_DEPRECATED_OBJC_IMPLEMENTATIONS = YES;
				CLANG_WARN_DIRECT_OBJC_ISA_USAGE = YES_ERROR;
				CLANG_WARN_DOCUMENTATION_COMMENTS = YES;
				CLANG_WARN_EMPTY_BODY = YES;
				CLANG_WARN_ENUM_CONVERSION = YES;
				CLANG_WARN_INFINITE_RECURSION = YES;
				CLANG_WARN_INT_CONVERSION = YES;
				CLANG_WARN_NON_LITERAL_NULL_CONVERSION = YES;
				CLANG_WARN_OBJC_IMPLICIT_RETAIN_SELF = YES;
				CLANG_WARN_OBJC_LITERAL_CONVERSION = YES;
				CLANG_WARN_OBJC_ROOT_CLASS = YES_ERROR;
				CLANG_WARN_QUOTED_INCLUDE_IN_FRAMEWORK_HEADER = YES;
				CLANG_WARN_RANGE_LOOP_ANALYSIS = YES;
				CLANG_WARN_STRICT_PROTOTYPES = YES;
				CLANG_WARN_SUSPICIOUS_MOVE = YES;
				CLANG_WARN_UNGUARDED_AVAILABILITY = YES_AGGRESSIVE;
				CLANG_WARN_UNREACHABLE_CODE = YES;
				CLANG_WARN__DUPLICATE_METHOD_MATCH = YES;
				COPY_PHASE_STRIP = NO;
				DEBUG_INFORMATION_FORMAT = dwarf;
				ENABLE_STRICT_OBJC_MSGSEND = YES;
				ENABLE_TESTABILITY = YES;
				ENABLE_USER_SCRIPT_SANDBOXING = YES;
				GCC_C_LANGUAGE_STANDARD = gnu17;
				GCC_DYNAMIC_NO_PIC = NO;
				GCC_NO_COMMON_BLOCKS = YES;
				GCC_OPTIMIZATION_LEVEL = 0;
				GCC_PREPROCESSOR_DEFINITIONS = (
					"DEBUG=1",
					"$(inherited)",
				);
				GCC_WARN_64_TO_32_BIT_CONVERSION = YES;
				GCC_WARN_ABOUT_RETURN_TYPE = YES_ERROR;
				GCC_WARN_UNDECLARED_SELECTOR = YES;
				GCC_WARN_UNINITIALIZED_AUTOS = YES_AGGRESSIVE;
				GCC_WARN_UNUSED_FUNCTION = YES;
				GCC_WARN_UNUSED_VARIABLE = YES;
				IPHONEOS_DEPLOYMENT_TARGET = 17.0;
				LOCALIZATION_PREFERS_STRING_CATALOGS = YES;
				MTL_ENABLE_DEBUG_INFO = INCLUDE_SOURCE;
				MTL_FAST_MATH = YES;
				ONLY_ACTIVE_ARCH = YES;
				SDKROOT = iphoneos;
				STRING_CATALOG_GENERATE_SYMBOLS = YES;
				SWIFT_ACTIVE_COMPILATION_CONDITIONS = "DEBUG $(inherited)";
				SWIFT_OPTIMIZATION_LEVEL = "-Onone";
			};
			name = Debug;
		};
		A1000005211111110000002 /* Release */ = {
			isa = XCBuildConfiguration;
			buildSettings = {
				ALWAYS_SEARCH_USER_PATHS = NO;
				ASSETCATALOG_COMPILER_GENERATE_SWIFT_ASSET_SYMBOL_EXTENSIONS = YES;
				CLANG_ANALYZER_NONNULL = YES;
				CLANG_ANALYZER_NUMBER_OBJECT_CONVERSION = YES_AGGRESSIVE;
				CLANG_CXX_LANGUAGE_STANDARD = "gnu++20";
				CLANG_ENABLE_MODULES = YES;
				CLANG_ENABLE_OBJC_ARC = YES;
				CLANG_ENABLE_OBJC_WEAK = YES;
				CLANG_WARN_BLOCK_CAPTURE_AUTORELEASING = YES;
				CLANG_WARN_BOOL_CONVERSION = YES;
				CLANG_WARN_COMMA = YES;
				CLANG_WARN_CONSTANT_CONVERSION = YES;
				CLANG_WARN_DEPRECATED_OBJC_IMPLEMENTATIONS = YES;
				CLANG_WARN_DIRECT_OBJC_ISA_USAGE = YES_ERROR;
				CLANG_WARN_DOCUMENTATION_COMMENTS = YES;
				CLANG_WARN_EMPTY_BODY = YES;
				CLANG_WARN_ENUM_CONVERSION = YES;
				CLANG_WARN_INFINITE_RECURSION = YES;
				CLANG_WARN_INT_CONVERSION = YES;
				CLANG_WARN_NON_LITERAL_NULL_CONVERSION = YES;
				CLANG_WARN_OBJC_IMPLICIT_RETAIN_SELF = YES;
				CLANG_WARN_OBJC_LITERAL_CONVERSION = YES;
				CLANG_WARN_OBJC_ROOT_CLASS = YES_ERROR;
				CLANG_WARN_QUOTED_INCLUDE_IN_FRAMEWORK_HEADER = YES;
				CLANG_WARN_RANGE_LOOP_ANALYSIS = YES;
				CLANG_WARN_STRICT_PROTOTYPES = YES;
				CLANG_WARN_SUSPICIOUS_MOVE = YES;
				CLANG_WARN_UNGUARDED_AVAILABILITY = YES_AGGRESSIVE;
				CLANG_WARN_UNREACHABLE_CODE = YES;
				CLANG_WARN__DUPLICATE_METHOD_MATCH = YES;
				COPY_PHASE_STRIP = NO;
				DEBUG_INFORMATION_FORMAT = "dwarf-with-dsym";
				ENABLE_NS_ASSERTIONS = NO;
				ENABLE_STRICT_OBJC_MSGSEND = YES;
				ENABLE_USER_SCRIPT_SANDBOXING = YES;
				GCC_C_LANGUAGE_STANDARD = gnu17;
				GCC_NO_COMMON_BLOCKS = YES;
				GCC_WARN_64_TO_32_BIT_CONVERSION = YES;
				GCC_WARN_ABOUT_RETURN_TYPE = YES_ERROR;
				GCC_WARN_UNDECLARED_SELECTOR = YES;
				GCC_WARN_UNINITIALIZED_AUTOS = YES_AGGRESSIVE;
				GCC_WARN_UNUSED_FUNCTION = YES;
				GCC_WARN_UNUSED_VARIABLE = YES;
				IPHONEOS_DEPLOYMENT_TARGET = 17.0;
				LOCALIZATION_PREFERS_STRING_CATALOGS = YES;
				MTL_ENABLE_DEBUG_INFO = NO;
				MTL_FAST_MATH = YES;
				SDKROOT = iphoneos;
				STRING_CATALOG_GENERATE_SYMBOLS = YES;
				SWIFT_COMPILATION_MODE = wholemodule;
				VALIDATE_PRODUCT = YES;
			};
			name = Release;
		};
		A1000005211111110000003 /* Debug */ = {
			isa = XCBuildConfiguration;
			buildSettings = {
				ASSETCATALOG_COMPILER_APPICON_NAME = AppIcon;
				ASSETCATALOG_COMPILER_GLOBAL_ACCENT_COLOR_NAME = AccentColor;
				ASSETCATALOG_COMPILER_INCLUDE_ALL_APPICON_ASSETS = NO;
				CODE_SIGN_ENTITLEMENTS = "AéroCheck.entitlements";
				CODE_SIGN_IDENTITY = "Apple Development";
				CODE_SIGN_STYLE = Automatic;
				CURRENT_PROJECT_VERSION = 0.1;
				DEVELOPMENT_TEAM = H2N329D9U8;
				GENERATE_INFOPLIST_FILE = YES;
				INFOPLIST_FILE = AeroCheck/Info.plist;
				INFOPLIST_KEY_CFBundleDisplayName = "AéroCheck";
				INFOPLIST_KEY_CFBundleName = "AéroCheck";
				INFOPLIST_KEY_ITSAppUsesNonExemptEncryption = NO;
				INFOPLIST_KEY_LSApplicationCategoryType = "public.app-category.reference";
				INFOPLIST_KEY_LSSupportsOpeningDocumentsInPlace = YES;
				INFOPLIST_KEY_NSLocationAlwaysAndWhenInUseUsageDescription = "This app records your flight track using GPS to save in your flight log, even when the app is in the background.";
				INFOPLIST_KEY_NSLocationWhenInUseUsageDescription = "This app records your flight track using GPS to save in your flight log.";
				INFOPLIST_KEY_UIApplicationSupportsIndirectInputEvents = YES;
				INFOPLIST_KEY_UIRequiredDeviceCapabilities = "arm64 gps";
				INFOPLIST_KEY_UIStatusBarStyle = "";
				INFOPLIST_KEY_UISupportedInterfaceOrientations = "UIInterfaceOrientationLandscapeLeft UIInterfaceOrientationLandscapeRight UIInterfaceOrientationPortrait UIInterfaceOrientationPortraitUpsideDown";
				INFOPLIST_KEY_UISupportsDocumentBrowser = NO;
				INFOPLIST_KEY_UIUserInterfaceStyle = Dark;
				LD_RUNPATH_SEARCH_PATHS = (
					"$(inherited)",
					"@executable_path/Frameworks",
				);
				MARKETING_VERSION = 4.0.0;
				OTHER_LDFLAGS = (
					"$(inherited)",
					"-weak_framework",
					DeviceDiscoveryUI,
					"-weak_framework",
					_DeviceDiscoveryUI_SwiftUI,
					"-weak_framework",
					WiFiAware,
				);
				PRODUCT_BUNDLE_IDENTIFIER = com.fetzu.aerocheck;
				PRODUCT_NAME = AeroCheck;
				PROVISIONING_PROFILE_SPECIFIER = "";
				SUPPORTED_PLATFORMS = "iphoneos iphonesimulator";
				SUPPORTS_MACCATALYST = NO;
				SUPPORTS_MAC_DESIGNED_FOR_IPHONE_IPAD = NO;
				SUPPORTS_XR_DESIGNED_FOR_IPHONE_IPAD = NO;
				SWIFT_EMIT_LOC_STRINGS = YES;
				SWIFT_VERSION = 5.0;
				TARGETED_DEVICE_FAMILY = "1,2";
			};
			name = Debug;
		};
		A1000005211111110000004 /* Release */ = {
			isa = XCBuildConfiguration;
			buildSettings = {
				ASSETCATALOG_COMPILER_APPICON_NAME = AppIcon;
				ASSETCATALOG_COMPILER_GLOBAL_ACCENT_COLOR_NAME = AccentColor;
				ASSETCATALOG_COMPILER_INCLUDE_ALL_APPICON_ASSETS = NO;
				CODE_SIGN_ENTITLEMENTS = "AéroCheck.entitlements";
				CODE_SIGN_IDENTITY = "Apple Development";
				CODE_SIGN_STYLE = Automatic;
				CURRENT_PROJECT_VERSION = 0.1;
				DEVELOPMENT_TEAM = H2N329D9U8;
				GENERATE_INFOPLIST_FILE = YES;
				INFOPLIST_FILE = AeroCheck/Info.plist;
				INFOPLIST_KEY_CFBundleDisplayName = "AéroCheck";
				INFOPLIST_KEY_CFBundleName = "AéroCheck";
				INFOPLIST_KEY_ITSAppUsesNonExemptEncryption = NO;
				INFOPLIST_KEY_LSApplicationCategoryType = "public.app-category.reference";
				INFOPLIST_KEY_LSSupportsOpeningDocumentsInPlace = YES;
				INFOPLIST_KEY_NSLocationAlwaysAndWhenInUseUsageDescription = "This app records your flight track using GPS to save in your flight log, even when the app is in the background.";
				INFOPLIST_KEY_NSLocationWhenInUseUsageDescription = "This app records your flight track using GPS to save in your flight log.";
				INFOPLIST_KEY_UIApplicationSupportsIndirectInputEvents = YES;
				INFOPLIST_KEY_UIRequiredDeviceCapabilities = "arm64 gps";
				INFOPLIST_KEY_UIStatusBarStyle = "";
				INFOPLIST_KEY_UISupportedInterfaceOrientations = "UIInterfaceOrientationLandscapeLeft UIInterfaceOrientationLandscapeRight UIInterfaceOrientationPortrait UIInterfaceOrientationPortraitUpsideDown";
				INFOPLIST_KEY_UISupportsDocumentBrowser = NO;
				INFOPLIST_KEY_UIUserInterfaceStyle = Dark;
				LD_RUNPATH_SEARCH_PATHS = (
					"$(inherited)",
					"@executable_path/Frameworks",
				);
				MARKETING_VERSION = 4.0.0;
				OTHER_LDFLAGS = (
					"$(inherited)",
					"-weak_framework",
					DeviceDiscoveryUI,
					"-weak_framework",
					_DeviceDiscoveryUI_SwiftUI,
					"-weak_framework",
					WiFiAware,
				);
				PRODUCT_BUNDLE_IDENTIFIER = com.fetzu.aerocheck;
				PRODUCT_NAME = AeroCheck;
				PROVISIONING_PROFILE_SPECIFIER = "";
				SUPPORTED_PLATFORMS = "iphoneos iphonesimulator";
				SUPPORTS_MACCATALYST = NO;
				SUPPORTS_MAC_DESIGNED_FOR_IPHONE_IPAD = NO;
				SUPPORTS_XR_DESIGNED_FOR_IPHONE_IPAD = NO;
				SWIFT_EMIT_LOC_STRINGS = YES;
				SWIFT_VERSION = 5.0;
				TARGETED_DEVICE_FAMILY = "1,2";
			};
			name = Release;
		};
		A2000005211111110000001 /* Debug */ = {
			isa = XCBuildConfiguration;
			buildSettings = {
				ASSETCATALOG_COMPILER_GLOBAL_ACCENT_COLOR_NAME = AccentColor;
				ASSETCATALOG_COMPILER_WIDGET_BACKGROUND_COLOR_NAME = WidgetBackground;
				CODE_SIGN_ENTITLEMENTS = "AeroCheckWidget/AeroCheckWidget.entitlements";
				CODE_SIGN_IDENTITY = "Apple Development";
				CODE_SIGN_STYLE = Automatic;
				CURRENT_PROJECT_VERSION = 0.1;
				DEVELOPMENT_TEAM = H2N329D9U8;
				GENERATE_INFOPLIST_FILE = YES;
				INFOPLIST_FILE = AeroCheckWidget/Info.plist;
				INFOPLIST_KEY_CFBundleDisplayName = "AéroCheck Widget";
				INFOPLIST_KEY_NSHumanReadableCopyright = "";
				LD_RUNPATH_SEARCH_PATHS = (
					"$(inherited)",
					"@executable_path/Frameworks",
					"@executable_path/../../Frameworks",
				);
				MARKETING_VERSION = 4.0.0;
				PRODUCT_BUNDLE_IDENTIFIER = com.fetzu.aerocheck.widget;
				PRODUCT_NAME = AeroCheckWidgetExtension;
				PROVISIONING_PROFILE_SPECIFIER = "";
				SKIP_INSTALL = YES;
				SUPPORTED_PLATFORMS = "iphoneos iphonesimulator";
				SUPPORTS_MACCATALYST = NO;
				SUPPORTS_MAC_DESIGNED_FOR_IPHONE_IPAD = NO;
				SWIFT_EMIT_LOC_STRINGS = YES;
				SWIFT_VERSION = 5.0;
				TARGETED_DEVICE_FAMILY = "1,2";
			};
			name = Debug;
		};
		A2000005211111110000002 /* Release */ = {
			isa = XCBuildConfiguration;
			buildSettings = {
				ASSETCATALOG_COMPILER_GLOBAL_ACCENT_COLOR_NAME = AccentColor;
				ASSETCATALOG_COMPILER_WIDGET_BACKGROUND_COLOR_NAME = WidgetBackground;
				CODE_SIGN_ENTITLEMENTS = "AeroCheckWidget/AeroCheckWidget.entitlements";
				CODE_SIGN_IDENTITY = "Apple Development";
				CODE_SIGN_STYLE = Automatic;
				CURRENT_PROJECT_VERSION = 0.1;
				DEVELOPMENT_TEAM = H2N329D9U8;
				GENERATE_INFOPLIST_FILE = YES;
				INFOPLIST_FILE = AeroCheckWidget/Info.plist;
				INFOPLIST_KEY_CFBundleDisplayName = "AéroCheck Widget";
				INFOPLIST_KEY_NSHumanReadableCopyright = "";
				LD_RUNPATH_SEARCH_PATHS = (
					"$(inherited)",
					"@executable_path/Frameworks",
					"@executable_path/../../Frameworks",
				);
				MARKETING_VERSION = 4.0.0;
				PRODUCT_BUNDLE_IDENTIFIER = com.fetzu.aerocheck.widget;
				PRODUCT_NAME = AeroCheckWidgetExtension;
				PROVISIONING_PROFILE_SPECIFIER = "";
				SKIP_INSTALL = YES;
				SUPPORTED_PLATFORMS = "iphoneos iphonesimulator";
				SUPPORTS_MACCATALYST = NO;
				SUPPORTS_MAC_DESIGNED_FOR_IPHONE_IPAD = NO;
				SWIFT_EMIT_LOC_STRINGS = YES;
				SWIFT_VERSION = 5.0;
				TARGETED_DEVICE_FAMILY = "1,2";
			};
			name = Release;
		};
		A4000005211111110000001 /* Debug */ = {
			isa = XCBuildConfiguration;
			buildSettings = {
				ASSETCATALOG_COMPILER_APPICON_NAME = AppIcon;
				ASSETCATALOG_COMPILER_GLOBAL_ACCENT_COLOR_NAME = AccentColor;
				CODE_SIGN_IDENTITY = "Apple Development";
				CODE_SIGN_STYLE = Automatic;
				CURRENT_PROJECT_VERSION = 0.1;
				DEVELOPMENT_TEAM = H2N329D9U8;
				GENERATE_INFOPLIST_FILE = YES;
				INFOPLIST_FILE = AeroCheckWatch/Info.plist;
				INFOPLIST_KEY_CFBundleDisplayName = "AéroCheck";
				INFOPLIST_KEY_UISupportedInterfaceOrientations = "UIInterfaceOrientationPortrait UIInterfaceOrientationPortraitUpsideDown";
				INFOPLIST_KEY_WKCompanionAppBundleIdentifier = com.fetzu.aerocheck;
				INFOPLIST_KEY_WKRunsIndependentlyOfCompanionApp = NO;
				LD_RUNPATH_SEARCH_PATHS = (
					"$(inherited)",
					"@executable_path/Frameworks",
				);
				MARKETING_VERSION = 4.0.0;
				PRODUCT_BUNDLE_IDENTIFIER = com.fetzu.aerocheck.watchkitapp;
				PRODUCT_NAME = AeroCheckWatch;
				PROVISIONING_PROFILE_SPECIFIER = "";
				SDKROOT = watchos;
				SKIP_INSTALL = YES;
				SWIFT_EMIT_LOC_STRINGS = YES;
				SWIFT_VERSION = 5.0;
				TARGETED_DEVICE_FAMILY = 4;
				WATCHOS_DEPLOYMENT_TARGET = 10.0;
			};
			name = Debug;
		};
		A4000005211111110000002 /* Release */ = {
			isa = XCBuildConfiguration;
			buildSettings = {
				ASSETCATALOG_COMPILER_APPICON_NAME = AppIcon;
				ASSETCATALOG_COMPILER_GLOBAL_ACCENT_COLOR_NAME = AccentColor;
				CODE_SIGN_IDENTITY = "Apple Development";
				CODE_SIGN_STYLE = Automatic;
				CURRENT_PROJECT_VERSION = 0.1;
				DEVELOPMENT_TEAM = H2N329D9U8;
				GENERATE_INFOPLIST_FILE = YES;
				INFOPLIST_FILE = AeroCheckWatch/Info.plist;
				INFOPLIST_KEY_CFBundleDisplayName = "AéroCheck";
				INFOPLIST_KEY_UISupportedInterfaceOrientations = "UIInterfaceOrientationPortrait UIInterfaceOrientationPortraitUpsideDown";
				INFOPLIST_KEY_WKCompanionAppBundleIdentifier = com.fetzu.aerocheck;
				INFOPLIST_KEY_WKRunsIndependentlyOfCompanionApp = NO;
				LD_RUNPATH_SEARCH_PATHS = (
					"$(inherited)",
					"@executable_path/Frameworks",
				);
				MARKETING_VERSION = 4.0.0;
				PRODUCT_BUNDLE_IDENTIFIER = com.fetzu.aerocheck.watchkitapp;
				PRODUCT_NAME = AeroCheckWatch;
				PROVISIONING_PROFILE_SPECIFIER = "";
				SDKROOT = watchos;
				SKIP_INSTALL = YES;
				SWIFT_EMIT_LOC_STRINGS = YES;
				SWIFT_VERSION = 5.0;
				TARGETED_DEVICE_FAMILY = 4;
				WATCHOS_DEPLOYMENT_TARGET = 10.0;
			};
			name = Release;
		};
/* End XCBuildConfiguration section */

/* Begin XCConfigurationList section */
		A5000005111111110000001 /* Build configuration list for PBXNativeTarget "AeroCheckTests" */ = {
			isa = XCConfigurationList;
			buildConfigurations = (
				A5000005111111110000002 /* Debug */,
				A5000005111111110000003 /* Release */,
			);
			defaultConfigurationIsVisible = 0;
			defaultConfigurationName = Release;
		};
		A1000005111111110000001 /* Build configuration list for PBXProject "AeroCheck" */ = {
			isa = XCConfigurationList;
			buildConfigurations = (
				A1000005211111110000001 /* Debug */,
				A1000005211111110000002 /* Release */,
			);
			defaultConfigurationIsVisible = 0;
			defaultConfigurationName = Release;
		};
		A1000005111111110000003 /* Build configuration list for PBXNativeTarget "AéroCheck" */ = {
			isa = XCConfigurationList;
			buildConfigurations = (
				A1000005211111110000003 /* Debug */,
				A1000005211111110000004 /* Release */,
			);
			defaultConfigurationIsVisible = 0;
			defaultConfigurationName = Release;
		};
		A2000005111111110000001 /* Build configuration list for PBXNativeTarget "AéroCheckWidgetExtension" */ = {
			isa = XCConfigurationList;
			buildConfigurations = (
				A2000005211111110000001 /* Debug */,
				A2000005211111110000002 /* Release */,
			);
			defaultConfigurationIsVisible = 0;
			defaultConfigurationName = Release;
		};
		A4000005111111110000001 /* Build configuration list for PBXNativeTarget "AéroCheckWatch" */ = {
			isa = XCConfigurationList;
			buildConfigurations = (
				A4000005211111110000001 /* Debug */,
				A4000005211111110000002 /* Release */,
			);
			defaultConfigurationIsVisible = 0;
			defaultConfigurationName = Release;
		};
/* End XCConfigurationList section */
	};
	rootObject = A1000006111111110000001 /* Project object */;
}
